
Microsoft Visual Studio Solution File, Format Version 12.00
# Visual Studio Version 16
VisualStudioVersion = 16.0.31624.102
MinimumVisualStudioVersion = 10.0.40219.1
Project("{FAE04EC0-301F-11D3-BF4B-00C04F79EFBC}") = "WinFormsApp2", "WinFormsApp2\WinFormsApp2.csproj", "{BC0203ED-51A6-4122-AF01-830EFA087420}"
EndProject
Global
	GlobalSection(SolutionConfigurationPlatforms) = preSolution
		Debug|Any CPU = Debug|Any CPU
		Release|Any CPU = Release|Any CPU
	EndGlobalSection
	GlobalSection(ProjectConfigurationPlatforms) = postSolution
		{BC0203ED-51A6-4122-AF01-830EFA087420}.Debug|Any CPU.ActiveCfg = Debug|Any CPU
		{BC0203ED-51A6-4122-AF01-830EFA087420}.Debug|Any CPU.Build.0 = Debug|Any CPU
		{BC0203ED-51A6-4122-AF01-830EFA087420}.Release|Any CPU.ActiveCfg = Release|Any CPU
		{BC0203ED-51A6-4122-AF01-830EFA087420}.Release|Any CPU.Build.0 = Release|Any CPU
	EndGlobalSection
	GlobalSection(SolutionProperties) = preSolution
		HideSolutionNode = FALSE
	EndGlobalSection
	GlobalSection(ExtensibilityGlobals) = postSolution
		SolutionGuid = {15BFB0CB-133F-47A4-918D-DD58D153EB07}
	EndGlobalSection
EndGlobal
